// !$*UTF8*$!
{
	archiveVersion = 1;
	classes = {
	};
	objectVersion = 46;
	objects = {

/* Begin PBXBuildFile section */
		952F54F91D96E87800CB738D /* main.m in Sources */ = {isa = PBXBuildFile; fileRef = 952F54F81D96E87800CB738D /* main.m */; };
		952F54FC1D96E87800CB738D /* AppDelegate.m in Sources */ = {isa = PBXBuildFile; fileRef = 952F54FB1D96E87800CB738D /* AppDelegate.m */; };
		952F54FF1D96E87800CB738D /* ViewController.m in Sources */ = {isa = PBXBuildFile; fileRef = 952F54FE1D96E87800CB738D /* ViewController.m */; };
		952F55021D96E87800CB738D /* Main.storyboard in Resources */ = {isa = PBXBuildFile; fileRef = 952F55001D96E87800CB738D /* Main.storyboard */; };
		952F55041D96E87800CB738D /* Assets.xcassets in Resources */ = {isa = PBXBuildFile; fileRef = 952F55031D96E87800CB738D /* Assets.xcassets */; };
		952F55071D96E87800CB738D /* LaunchScreen.storyboard in Resources */ = {isa = PBXBuildFile; fileRef = 952F55051D96E87800CB738D /* LaunchScreen.storyboard */; };
		952F55121D96E87800CB738D /* UdpMobileTests.m in Sources */ = {isa = PBXBuildFile; fileRef = 952F55111D96E87800CB738D /* UdpMobileTests.m */; };
		952F551D1D96E87800CB738D /* UdpMobileUITests.m in Sources */ = {isa = PBXBuildFile; fileRef = 952F551C1D96E87800CB738D /* UdpMobileUITests.m */; };
		9538DDA61D96A609001E87C9 /* AppDelegate.m in Sources */ = {isa = PBXBuildFile; fileRef = 9538DDA51D96A609001E87C9 /* AppDelegate.m */; };
		9538DDA91D96A609001E87C9 /* main.m in Sources */ = {isa = PBXBuildFile; fileRef = 9538DDA81D96A609001E87C9 /* main.m */; };
		9538DDAC1D96A609001E87C9 /* ViewController.m in Sources */ = {isa = PBXBuildFile; fileRef = 9538DDAB1D96A609001E87C9 /* ViewController.m */; };
		9538DDAE1D96A609001E87C9 /* Assets.xcassets in Resources */ = {isa = PBXBuildFile; fileRef = 9538DDAD1D96A609001E87C9 /* Assets.xcassets */; };
		9538DDB11D96A609001E87C9 /* Main.storyboard in Resources */ = {isa = PBXBuildFile; fileRef = 9538DDAF1D96A609001E87C9 /* Main.storyboard */; };
		9538DDBC1D96A609001E87C9 /* UdpDesktopTests.m in Sources */ = {isa = PBXBuildFile; fileRef = 9538DDBB1D96A609001E87C9 /* UdpDesktopTests.m */; };
		9538DDC71D96A609001E87C9 /* UdpDesktopUITests.m in Sources */ = {isa = PBXBuildFile; fileRef = 9538DDC61D96A609001E87C9 /* UdpDesktopUITests.m */; };
		9538DDDA1D96AB2F001E87C9 /* IDTStringReverse.m in Sources */ = {isa = PBXBuildFile; fileRef = 9538DDD91D96AB2F001E87C9 /* IDTStringReverse.m */; };
/* End PBXBuildFile section */

/* Begin PBXContainerItemProxy section */
		952F550E1D96E87800CB738D /* PBXContainerItemProxy */ = {
			isa = PBXContainerItemProxy;
			containerPortal = 9538DD5D1D96A591001E87C9 /* Project object */;
			proxyType = 1;
			remoteGlobalIDString = 952F54F41D96E87800CB738D;
			remoteInfo = UdpMobile;
		};
		952F55191D96E87800CB738D /* PBXContainerItemProxy */ = {
			isa = PBXContainerItemProxy;
			containerPortal = 9538DD5D1D96A591001E87C9 /* Project object */;
			proxyType = 1;
			remoteGlobalIDString = 952F54F41D96E87800CB738D;
			remoteInfo = UdpMobile;
		};
		9538DDB81D96A609001E87C9 /* PBXContainerItemProxy */ = {
			isa = PBXContainerItemProxy;
			containerPortal = 9538DD5D1D96A591001E87C9 /* Project object */;
			proxyType = 1;
			remoteGlobalIDString = 9538DDA11D96A608001E87C9;
			remoteInfo = UdpDesktop;
		};
		9538DDC31D96A609001E87C9 /* PBXContainerItemProxy */ = {
			isa = PBXContainerItemProxy;
			containerPortal = 9538DD5D1D96A591001E87C9 /* Project object */;
			proxyType = 1;
			remoteGlobalIDString = 9538DDA11D96A608001E87C9;
			remoteInfo = UdpDesktop;
		};
/* End PBXContainerItemProxy section */

/* Begin PBXFileReference section */
		952F54F51D96E87800CB738D /* UdpMobile.app */ = {isa = PBXFileReference; explicitFileType = wrapper.application; includeInIndex = 0; path = UdpMobile.app; sourceTree = BUILT_PRODUCTS_DIR; };
		952F54F81D96E87800CB738D /* main.m */ = {isa = PBXFileReference; lastKnownFileType = sourcecode.c.objc; path = main.m; sourceTree = "<group>"; };
		952F54FA1D96E87800CB738D /* AppDelegate.h */ = {isa = PBXFileReference; lastKnownFileType = sourcecode.c.h; path = AppDelegate.h; sourceTree = "<group>"; };
		952F54FB1D96E87800CB738D /* AppDelegate.m */ = {isa = PBXFileReference; lastKnownFileType = sourcecode.c.objc; path = AppDelegate.m; sourceTree = "<group>"; };
		952F54FD1D96E87800CB738D /* ViewController.h */ = {isa = PBXFileReference; lastKnownFileType = sourcecode.c.h; path = ViewController.h; sourceTree = "<group>"; };
		952F54FE1D96E87800CB738D /* ViewController.m */ = {isa = PBXFileReference; lastKnownFileType = sourcecode.c.objc; path = ViewController.m; sourceTree = "<group>"; };
		952F55011D96E87800CB738D /* Base */ = {isa = PBXFileReference; lastKnownFileType = file.storyboard; name = Base; path = Base.lproj/Main.storyboard; sourceTree = "<group>"; };
		952F55031D96E87800CB738D /* Assets.xcassets */ = {isa = PBXFileReference; lastKnownFileType = folder.assetcatalog; path = Assets.xcassets; sourceTree = "<group>"; };
		952F55061D96E87800CB738D /* Base */ = {isa = PBXFileReference; lastKnownFileType = file.storyboard; name = Base; path = Base.lproj/LaunchScreen.storyboard; sourceTree = "<group>"; };
		952F55081D96E87800CB738D /* Info.plist */ = {isa = PBXFileReference; lastKnownFileType = text.plist.xml; path = Info.plist; sourceTree = "<group>"; };
		952F550D1D96E87800CB738D /* UdpMobileTests.xctest */ = {isa = PBXFileReference; explicitFileType = wrapper.cfbundle; includeInIndex = 0; path = UdpMobileTests.xctest; sourceTree = BUILT_PRODUCTS_DIR; };
		952F55111D96E87800CB738D /* UdpMobileTests.m */ = {isa = PBXFileReference; lastKnownFileType = sourcecode.c.objc; path = UdpMobileTests.m; sourceTree = "<group>"; };
		952F55131D96E87800CB738D /* Info.plist */ = {isa = PBXFileReference; lastKnownFileType = text.plist.xml; path = Info.plist; sourceTree = "<group>"; };
		952F55181D96E87800CB738D /* UdpMobileUITests.xctest */ = {isa = PBXFileReference; explicitFileType = wrapper.cfbundle; includeInIndex = 0; path = UdpMobileUITests.xctest; sourceTree = BUILT_PRODUCTS_DIR; };
		952F551C1D96E87800CB738D /* UdpMobileUITests.m */ = {isa = PBXFileReference; lastKnownFileType = sourcecode.c.objc; path = UdpMobileUITests.m; sourceTree = "<group>"; };
		952F551E1D96E87800CB738D /* Info.plist */ = {isa = PBXFileReference; lastKnownFileType = text.plist.xml; path = Info.plist; sourceTree = "<group>"; };
		9538DD691D96A591001E87C9 /* main.m */ = {isa = PBXFileReference; lastKnownFileType = sourcecode.c.objc; path = main.m; sourceTree = "<group>"; };
		9538DD6B1D96A591001E87C9 /* AppDelegate.h */ = {isa = PBXFileReference; lastKnownFileType = sourcecode.c.h; path = AppDelegate.h; sourceTree = "<group>"; };
		9538DD6C1D96A591001E87C9 /* AppDelegate.m */ = {isa = PBXFileReference; lastKnownFileType = sourcecode.c.objc; path = AppDelegate.m; sourceTree = "<group>"; };
		9538DD6E1D96A591001E87C9 /* ViewController.h */ = {isa = PBXFileReference; lastKnownFileType = sourcecode.c.h; path = ViewController.h; sourceTree = "<group>"; };
		9538DD6F1D96A591001E87C9 /* ViewController.m */ = {isa = PBXFileReference; lastKnownFileType = sourcecode.c.objc; path = ViewController.m; sourceTree = "<group>"; };
		9538DD721D96A591001E87C9 /* Base */ = {isa = PBXFileReference; lastKnownFileType = file.storyboard; name = Base; path = Base.lproj/Main.storyboard; sourceTree = "<group>"; };
		9538DD751D96A591001E87C9 /* UdpProject.xcdatamodel */ = {isa = PBXFileReference; lastKnownFileType = wrapper.xcdatamodel; path = UdpProject.xcdatamodel; sourceTree = "<group>"; };
		9538DD771D96A591001E87C9 /* Assets.xcassets */ = {isa = PBXFileReference; lastKnownFileType = folder.assetcatalog; path = Assets.xcassets; sourceTree = "<group>"; };
		9538DD7A1D96A591001E87C9 /* Base */ = {isa = PBXFileReference; lastKnownFileType = file.storyboard; name = Base; path = Base.lproj/LaunchScreen.storyboard; sourceTree = "<group>"; };
		9538DD7C1D96A591001E87C9 /* Info.plist */ = {isa = PBXFileReference; lastKnownFileType = text.plist.xml; path = Info.plist; sourceTree = "<group>"; };
		9538DD851D96A591001E87C9 /* UdpProjectTests.m */ = {isa = PBXFileReference; lastKnownFileType = sourcecode.c.objc; path = UdpProjectTests.m; sourceTree = "<group>"; };
		9538DD871D96A591001E87C9 /* Info.plist */ = {isa = PBXFileReference; lastKnownFileType = text.plist.xml; path = Info.plist; sourceTree = "<group>"; };
		9538DD901D96A591001E87C9 /* UdpProjectUITests.m */ = {isa = PBXFileReference; lastKnownFileType = sourcecode.c.objc; path = UdpProjectUITests.m; sourceTree = "<group>"; };
		9538DD921D96A591001E87C9 /* Info.plist */ = {isa = PBXFileReference; lastKnownFileType = text.plist.xml; path = Info.plist; sourceTree = "<group>"; };
		9538DDA21D96A608001E87C9 /* UdpDesktop.app */ = {isa = PBXFileReference; explicitFileType = wrapper.application; includeInIndex = 0; path = UdpDesktop.app; sourceTree = BUILT_PRODUCTS_DIR; };
		9538DDA41D96A609001E87C9 /* AppDelegate.h */ = {isa = PBXFileReference; lastKnownFileType = sourcecode.c.h; path = AppDelegate.h; sourceTree = "<group>"; };
		9538DDA51D96A609001E87C9 /* AppDelegate.m */ = {isa = PBXFileReference; lastKnownFileType = sourcecode.c.objc; path = AppDelegate.m; sourceTree = "<group>"; };
		9538DDA81D96A609001E87C9 /* main.m */ = {isa = PBXFileReference; lastKnownFileType = sourcecode.c.objc; path = main.m; sourceTree = "<group>"; };
		9538DDAA1D96A609001E87C9 /* ViewController.h */ = {isa = PBXFileReference; lastKnownFileType = sourcecode.c.h; path = ViewController.h; sourceTree = "<group>"; };
		9538DDAB1D96A609001E87C9 /* ViewController.m */ = {isa = PBXFileReference; lastKnownFileType = sourcecode.c.objc; path = ViewController.m; sourceTree = "<group>"; };
		9538DDAD1D96A609001E87C9 /* Assets.xcassets */ = {isa = PBXFileReference; lastKnownFileType = folder.assetcatalog; path = Assets.xcassets; sourceTree = "<group>"; };
		9538DDB01D96A609001E87C9 /* Base */ = {isa = PBXFileReference; lastKnownFileType = file.storyboard; name = Base; path = Base.lproj/Main.storyboard; sourceTree = "<group>"; };
		9538DDB21D96A609001E87C9 /* Info.plist */ = {isa = PBXFileReference; lastKnownFileType = text.plist.xml; path = Info.plist; sourceTree = "<group>"; };
		9538DDB71D96A609001E87C9 /* UdpDesktopTests.xctest */ = {isa = PBXFileReference; explicitFileType = wrapper.cfbundle; includeInIndex = 0; path = UdpDesktopTests.xctest; sourceTree = BUILT_PRODUCTS_DIR; };
		9538DDBB1D96A609001E87C9 /* UdpDesktopTests.m */ = {isa = PBXFileReference; lastKnownFileType = sourcecode.c.objc; path = UdpDesktopTests.m; sourceTree = "<group>"; };
		9538DDBD1D96A609001E87C9 /* Info.plist */ = {isa = PBXFileReference; lastKnownFileType = text.plist.xml; path = Info.plist; sourceTree = "<group>"; };
		9538DDC21D96A609001E87C9 /* UdpDesktopUITests.xctest */ = {isa = PBXFileReference; explicitFileType = wrapper.cfbundle; includeInIndex = 0; path = UdpDesktopUITests.xctest; sourceTree = BUILT_PRODUCTS_DIR; };
		9538DDC61D96A609001E87C9 /* UdpDesktopUITests.m */ = {isa = PBXFileReference; lastKnownFileType = sourcecode.c.objc; path = UdpDesktopUITests.m; sourceTree = "<group>"; };
		9538DDC81D96A609001E87C9 /* Info.plist */ = {isa = PBXFileReference; lastKnownFileType = text.plist.xml; path = Info.plist; sourceTree = "<group>"; };
		9538DDD21D96A70F001E87C9 /* Readme.md */ = {isa = PBXFileReference; lastKnownFileType = net.daringfireball.markdown; path = Readme.md; sourceTree = "<group>"; };
		9538DDD71D96AB2F001E87C9 /* IDTStringReverse.xctest */ = {isa = PBXFileReference; explicitFileType = wrapper.cfbundle; includeInIndex = 0; path = IDTStringReverse.xctest; sourceTree = BUILT_PRODUCTS_DIR; };
		9538DDD91D96AB2F001E87C9 /* IDTStringReverse.m */ = {isa = PBXFileReference; lastKnownFileType = sourcecode.c.objc; path = IDTStringReverse.m; sourceTree = "<group>"; };
		9538DDDB1D96AB2F001E87C9 /* Info.plist */ = {isa = PBXFileReference; lastKnownFileType = text.plist.xml; path = Info.plist; sourceTree = "<group>"; };
/* End PBXFileReference section */

/* Begin PBXFrameworksBuildPhase section */
		952F54F21D96E87800CB738D /* Frameworks */ = {
			isa = PBXFrameworksBuildPhase;
			buildActionMask = 2147483647;
			files = (
			);
			runOnlyForDeploymentPostprocessing = 0;
		};
		952F550A1D96E87800CB738D /* Frameworks */ = {
			isa = PBXFrameworksBuildPhase;
			buildActionMask = 2147483647;
			files = (
			);
			runOnlyForDeploymentPostprocessing = 0;
		};
		952F55151D96E87800CB738D /* Frameworks */ = {
			isa = PBXFrameworksBuildPhase;
			buildActionMask = 2147483647;
			files = (
			);
			runOnlyForDeploymentPostprocessing = 0;
		};
		9538DD9F1D96A608001E87C9 /* Frameworks */ = {
			isa = PBXFrameworksBuildPhase;
			buildActionMask = 2147483647;
			files = (
			);
			runOnlyForDeploymentPostprocessing = 0;
		};
		9538DDB41D96A609001E87C9 /* Frameworks */ = {
			isa = PBXFrameworksBuildPhase;
			buildActionMask = 2147483647;
			files = (
			);
			runOnlyForDeploymentPostprocessing = 0;
		};
		9538DDBF1D96A609001E87C9 /* Frameworks */ = {
			isa = PBXFrameworksBuildPhase;
			buildActionMask = 2147483647;
			files = (
			);
			runOnlyForDeploymentPostprocessing = 0;
		};
		9538DDD41D96AB2F001E87C9 /* Frameworks */ = {
			isa = PBXFrameworksBuildPhase;
			buildActionMask = 2147483647;
			files = (
			);
			runOnlyForDeploymentPostprocessing = 0;
		};
/* End PBXFrameworksBuildPhase section */

/* Begin PBXGroup section */
		952F54F61D96E87800CB738D /* UdpMobile */ = {
			isa = PBXGroup;
			children = (
				952F54FA1D96E87800CB738D /* AppDelegate.h */,
				952F54FB1D96E87800CB738D /* AppDelegate.m */,
				952F54FD1D96E87800CB738D /* ViewController.h */,
				952F54FE1D96E87800CB738D /* ViewController.m */,
				952F55001D96E87800CB738D /* Main.storyboard */,
				952F55031D96E87800CB738D /* Assets.xcassets */,
				952F55051D96E87800CB738D /* LaunchScreen.storyboard */,
				952F55081D96E87800CB738D /* Info.plist */,
				952F54F71D96E87800CB738D /* Supporting Files */,
			);
			path = UdpMobile;
			sourceTree = "<group>";
		};
		952F54F71D96E87800CB738D /* Supporting Files */ = {
			isa = PBXGroup;
			children = (
				952F54F81D96E87800CB738D /* main.m */,
			);
			name = "Supporting Files";
			sourceTree = "<group>";
		};
		952F55101D96E87800CB738D /* UdpMobileTests */ = {
			isa = PBXGroup;
			children = (
				952F55111D96E87800CB738D /* UdpMobileTests.m */,
				952F55131D96E87800CB738D /* Info.plist */,
			);
			path = UdpMobileTests;
			sourceTree = "<group>";
		};
		952F551B1D96E87800CB738D /* UdpMobileUITests */ = {
			isa = PBXGroup;
			children = (
				952F551C1D96E87800CB738D /* UdpMobileUITests.m */,
				952F551E1D96E87800CB738D /* Info.plist */,
			);
			path = UdpMobileUITests;
			sourceTree = "<group>";
		};
		9538DD5C1D96A591001E87C9 = {
			isa = PBXGroup;
			children = (
				9538DDD21D96A70F001E87C9 /* Readme.md */,
				9538DD671D96A591001E87C9 /* UdpProject */,
				9538DD841D96A591001E87C9 /* UdpProjectTests */,
				9538DD8F1D96A591001E87C9 /* UdpProjectUITests */,
				9538DDA31D96A608001E87C9 /* UdpDesktop */,
				9538DDBA1D96A609001E87C9 /* UdpDesktopTests */,
				9538DDC51D96A609001E87C9 /* UdpDesktopUITests */,
				9538DDD81D96AB2F001E87C9 /* IDTStringReverse */,
				952F54F61D96E87800CB738D /* UdpMobile */,
				952F55101D96E87800CB738D /* UdpMobileTests */,
				952F551B1D96E87800CB738D /* UdpMobileUITests */,
				9538DD661D96A591001E87C9 /* Products */,
			);
			sourceTree = "<group>";
		};
		9538DD661D96A591001E87C9 /* Products */ = {
			isa = PBXGroup;
			children = (
				9538DDA21D96A608001E87C9 /* UdpDesktop.app */,
				9538DDB71D96A609001E87C9 /* UdpDesktopTests.xctest */,
				9538DDC21D96A609001E87C9 /* UdpDesktopUITests.xctest */,
				9538DDD71D96AB2F001E87C9 /* IDTStringReverse.xctest */,
				952F54F51D96E87800CB738D /* UdpMobile.app */,
				952F550D1D96E87800CB738D /* UdpMobileTests.xctest */,
				952F55181D96E87800CB738D /* UdpMobileUITests.xctest */,
			);
			name = Products;
			sourceTree = "<group>";
		};
		9538DD671D96A591001E87C9 /* UdpProject */ = {
			isa = PBXGroup;
			children = (
				9538DD6B1D96A591001E87C9 /* AppDelegate.h */,
				9538DD6C1D96A591001E87C9 /* AppDelegate.m */,
				9538DD6E1D96A591001E87C9 /* ViewController.h */,
				9538DD6F1D96A591001E87C9 /* ViewController.m */,
				9538DD711D96A591001E87C9 /* Main.storyboard */,
				9538DD771D96A591001E87C9 /* Assets.xcassets */,
				9538DD791D96A591001E87C9 /* LaunchScreen.storyboard */,
				9538DD7C1D96A591001E87C9 /* Info.plist */,
				9538DD741D96A591001E87C9 /* UdpProject.xcdatamodeld */,
				9538DD681D96A591001E87C9 /* Supporting Files */,
			);
			path = UdpProject;
			sourceTree = "<group>";
		};
		9538DD681D96A591001E87C9 /* Supporting Files */ = {
			isa = PBXGroup;
			children = (
				9538DD691D96A591001E87C9 /* main.m */,
			);
			name = "Supporting Files";
			sourceTree = "<group>";
		};
		9538DD841D96A591001E87C9 /* UdpProjectTests */ = {
			isa = PBXGroup;
			children = (
				9538DD851D96A591001E87C9 /* UdpProjectTests.m */,
				9538DD871D96A591001E87C9 /* Info.plist */,
			);
			path = UdpProjectTests;
			sourceTree = "<group>";
		};
		9538DD8F1D96A591001E87C9 /* UdpProjectUITests */ = {
			isa = PBXGroup;
			children = (
				9538DD901D96A591001E87C9 /* UdpProjectUITests.m */,
				9538DD921D96A591001E87C9 /* Info.plist */,
			);
			path = UdpProjectUITests;
			sourceTree = "<group>";
		};
		9538DDA31D96A608001E87C9 /* UdpDesktop */ = {
			isa = PBXGroup;
			children = (
				9538DDA41D96A609001E87C9 /* AppDelegate.h */,
				9538DDA51D96A609001E87C9 /* AppDelegate.m */,
				9538DDAA1D96A609001E87C9 /* ViewController.h */,
				9538DDAB1D96A609001E87C9 /* ViewController.m */,
				9538DDAD1D96A609001E87C9 /* Assets.xcassets */,
				9538DDAF1D96A609001E87C9 /* Main.storyboard */,
				9538DDB21D96A609001E87C9 /* Info.plist */,
				9538DDA71D96A609001E87C9 /* Supporting Files */,
			);
			path = UdpDesktop;
			sourceTree = "<group>";
		};
		9538DDA71D96A609001E87C9 /* Supporting Files */ = {
			isa = PBXGroup;
			children = (
				9538DDA81D96A609001E87C9 /* main.m */,
			);
			name = "Supporting Files";
			sourceTree = "<group>";
		};
		9538DDBA1D96A609001E87C9 /* UdpDesktopTests */ = {
			isa = PBXGroup;
			children = (
				9538DDBB1D96A609001E87C9 /* UdpDesktopTests.m */,
				9538DDBD1D96A609001E87C9 /* Info.plist */,
			);
			path = UdpDesktopTests;
			sourceTree = "<group>";
		};
		9538DDC51D96A609001E87C9 /* UdpDesktopUITests */ = {
			isa = PBXGroup;
			children = (
				9538DDC61D96A609001E87C9 /* UdpDesktopUITests.m */,
				9538DDC81D96A609001E87C9 /* Info.plist */,
			);
			path = UdpDesktopUITests;
			sourceTree = "<group>";
		};
		9538DDD81D96AB2F001E87C9 /* IDTStringReverse */ = {
			isa = PBXGroup;
			children = (
				9538DDD91D96AB2F001E87C9 /* IDTStringReverse.m */,
				9538DDDB1D96AB2F001E87C9 /* Info.plist */,
			);
			path = IDTStringReverse;
			sourceTree = "<group>";
		};
/* End PBXGroup section */

/* Begin PBXNativeTarget section */
		952F54F41D96E87800CB738D /* UdpMobile */ = {
			isa = PBXNativeTarget;
			buildConfigurationList = 952F551F1D96E87800CB738D /* Build configuration list for PBXNativeTarget "UdpMobile" */;
			buildPhases = (
				952F54F11D96E87800CB738D /* Sources */,
				952F54F21D96E87800CB738D /* Frameworks */,
				952F54F31D96E87800CB738D /* Resources */,
			);
			buildRules = (
			);
			dependencies = (
			);
			name = UdpMobile;
			productName = UdpMobile;
			productReference = 952F54F51D96E87800CB738D /* UdpMobile.app */;
			productType = "com.apple.product-type.application";
		};
		952F550C1D96E87800CB738D /* UdpMobileTests */ = {
			isa = PBXNativeTarget;
			buildConfigurationList = 952F55221D96E87800CB738D /* Build configuration list for PBXNativeTarget "UdpMobileTests" */;
			buildPhases = (
				952F55091D96E87800CB738D /* Sources */,
				952F550A1D96E87800CB738D /* Frameworks */,
				952F550B1D96E87800CB738D /* Resources */,
			);
			buildRules = (
			);
			dependencies = (
				952F550F1D96E87800CB738D /* PBXTargetDependency */,
			);
			name = UdpMobileTests;
			productName = UdpMobileTests;
			productReference = 952F550D1D96E87800CB738D /* UdpMobileTests.xctest */;
			productType = "com.apple.product-type.bundle.unit-test";
		};
		952F55171D96E87800CB738D /* UdpMobileUITests */ = {
			isa = PBXNativeTarget;
			buildConfigurationList = 952F55251D96E87800CB738D /* Build configuration list for PBXNativeTarget "UdpMobileUITests" */;
			buildPhases = (
				952F55141D96E87800CB738D /* Sources */,
				952F55151D96E87800CB738D /* Frameworks */,
				952F55161D96E87800CB738D /* Resources */,
			);
			buildRules = (
			);
			dependencies = (
				952F551A1D96E87800CB738D /* PBXTargetDependency */,
			);
			name = UdpMobileUITests;
			productName = UdpMobileUITests;
			productReference = 952F55181D96E87800CB738D /* UdpMobileUITests.xctest */;
			productType = "com.apple.product-type.bundle.ui-testing";
		};
		9538DDA11D96A608001E87C9 /* UdpDesktop */ = {
			isa = PBXNativeTarget;
			buildConfigurationList = 9538DDC91D96A609001E87C9 /* Build configuration list for PBXNativeTarget "UdpDesktop" */;
			buildPhases = (
				9538DD9E1D96A608001E87C9 /* Sources */,
				9538DD9F1D96A608001E87C9 /* Frameworks */,
				9538DDA01D96A608001E87C9 /* Resources */,
			);
			buildRules = (
			);
			dependencies = (
			);
			name = UdpDesktop;
			productName = UdpDesktop;
			productReference = 9538DDA21D96A608001E87C9 /* UdpDesktop.app */;
			productType = "com.apple.product-type.application";
		};
		9538DDB61D96A609001E87C9 /* UdpDesktopTests */ = {
			isa = PBXNativeTarget;
			buildConfigurationList = 9538DDCC1D96A609001E87C9 /* Build configuration list for PBXNativeTarget "UdpDesktopTests" */;
			buildPhases = (
				9538DDB31D96A609001E87C9 /* Sources */,
				9538DDB41D96A609001E87C9 /* Frameworks */,
				9538DDB51D96A609001E87C9 /* Resources */,
			);
			buildRules = (
			);
			dependencies = (
				9538DDB91D96A609001E87C9 /* PBXTargetDependency */,
			);
			name = UdpDesktopTests;
			productName = UdpDesktopTests;
			productReference = 9538DDB71D96A609001E87C9 /* UdpDesktopTests.xctest */;
			productType = "com.apple.product-type.bundle.unit-test";
		};
		9538DDC11D96A609001E87C9 /* UdpDesktopUITests */ = {
			isa = PBXNativeTarget;
			buildConfigurationList = 9538DDCF1D96A609001E87C9 /* Build configuration list for PBXNativeTarget "UdpDesktopUITests" */;
			buildPhases = (
				9538DDBE1D96A609001E87C9 /* Sources */,
				9538DDBF1D96A609001E87C9 /* Frameworks */,
				9538DDC01D96A609001E87C9 /* Resources */,
			);
			buildRules = (
			);
			dependencies = (
				9538DDC41D96A609001E87C9 /* PBXTargetDependency */,
			);
			name = UdpDesktopUITests;
			productName = UdpDesktopUITests;
			productReference = 9538DDC21D96A609001E87C9 /* UdpDesktopUITests.xctest */;
			productType = "com.apple.product-type.bundle.ui-testing";
		};
		9538DDD61D96AB2F001E87C9 /* IDTStringReverse */ = {
			isa = PBXNativeTarget;
			buildConfigurationList = 9538DDDE1D96AB2F001E87C9 /* Build configuration list for PBXNativeTarget "IDTStringReverse" */;
			buildPhases = (
				9538DDD31D96AB2F001E87C9 /* Sources */,
				9538DDD41D96AB2F001E87C9 /* Frameworks */,
				9538DDD51D96AB2F001E87C9 /* Resources */,
			);
			buildRules = (
			);
			dependencies = (
			);
			name = IDTStringReverse;
			productName = IDTStringReverse;
			productReference = 9538DDD71D96AB2F001E87C9 /* IDTStringReverse.xctest */;
			productType = "com.apple.product-type.bundle.unit-test";
		};
/* End PBXNativeTarget section */

/* Begin PBXProject section */
		9538DD5D1D96A591001E87C9 /* Project object */ = {
			isa = PBXProject;
			attributes = {
				LastUpgradeCheck = 0730;
				ORGANIZATIONNAME = Fuchs;
				TargetAttributes = {
					952F54F41D96E87800CB738D = {
						CreatedOnToolsVersion = 7.3.1;
					};
					952F550C1D96E87800CB738D = {
						CreatedOnToolsVersion = 7.3.1;
						TestTargetID = 952F54F41D96E87800CB738D;
					};
					952F55171D96E87800CB738D = {
						CreatedOnToolsVersion = 7.3.1;
						TestTargetID = 952F54F41D96E87800CB738D;
					};
					9538DDA11D96A608001E87C9 = {
						CreatedOnToolsVersion = 7.3.1;
					};
					9538DDB61D96A609001E87C9 = {
						CreatedOnToolsVersion = 7.3.1;
						TestTargetID = 9538DDA11D96A608001E87C9;
					};
					9538DDC11D96A609001E87C9 = {
						CreatedOnToolsVersion = 7.3.1;
						TestTargetID = 9538DDA11D96A608001E87C9;
					};
					9538DDD61D96AB2F001E87C9 = {
						CreatedOnToolsVersion = 7.3.1;
						TestTargetID = 9538DD641D96A591001E87C9;
					};
				};
			};
			buildConfigurationList = 9538DD601D96A591001E87C9 /* Build configuration list for PBXProject "IDTProject" */;
			compatibilityVersion = "Xcode 3.2";
			developmentRegion = English;
			hasScannedForEncodings = 0;
			knownRegions = (
				en,
				Base,
			);
			mainGroup = 9538DD5C1D96A591001E87C9;
			productRefGroup = 9538DD661D96A591001E87C9 /* Products */;
			projectDirPath = "";
			projectRoot = "";
			targets = (
				9538DDA11D96A608001E87C9 /* UdpDesktop */,
				9538DDB61D96A609001E87C9 /* UdpDesktopTests */,
				9538DDC11D96A609001E87C9 /* UdpDesktopUITests */,
				9538DDD61D96AB2F001E87C9 /* IDTStringReverse */,
				952F54F41D96E87800CB738D /* UdpMobile */,
				952F550C1D96E87800CB738D /* UdpMobileTests */,
				952F55171D96E87800CB738D /* UdpMobileUITests */,
			);
		};
/* End PBXProject section */

/* Begin PBXResourcesBuildPhase section */
		952F54F31D96E87800CB738D /* Resources */ = {
			isa = PBXResourcesBuildPhase;
			buildActionMask = 2147483647;
			files = (
				952F55071D96E87800CB738D /* LaunchScreen.storyboard in Resources */,
				952F55041D96E87800CB738D /* Assets.xcassets in Resources */,
				952F55021D96E87800CB738D /* Main.storyboard in Resources */,
			);
			runOnlyForDeploymentPostprocessing = 0;
		};
		952F550B1D96E87800CB738D /* Resources */ = {
			isa = PBXResourcesBuildPhase;
			buildActionMask = 2147483647;
			files = (
			);
			runOnlyForDeploymentPostprocessing = 0;
		};
		952F55161D96E87800CB738D /* Resources */ = {
			isa = PBXResourcesBuildPhase;
			buildActionMask = 2147483647;
			files = (
			);
			runOnlyForDeploymentPostprocessing = 0;
		};
		9538DDA01D96A608001E87C9 /* Resources */ = {
			isa = PBXResourcesBuildPhase;
			buildActionMask = 2147483647;
			files = (
				9538DDAE1D96A609001E87C9 /* Assets.xcassets in Resources */,
				9538DDB11D96A609001E87C9 /* Main.storyboard in Resources */,
			);
			runOnlyForDeploymentPostprocessing = 0;
		};
		9538DDB51D96A609001E87C9 /* Resources */ = {
			isa = PBXResourcesBuildPhase;
			buildActionMask = 2147483647;
			files = (
			);
			runOnlyForDeploymentPostprocessing = 0;
		};
		9538DDC01D96A609001E87C9 /* Resources */ = {
			isa = PBXResourcesBuildPhase;
			buildActionMask = 2147483647;
			files = (
			);
			runOnlyForDeploymentPostprocessing = 0;
		};
		9538DDD51D96AB2F001E87C9 /* Resources */ = {
			isa = PBXResourcesBuildPhase;
			buildActionMask = 2147483647;
			files = (
			);
			runOnlyForDeploymentPostprocessing = 0;
		};
/* End PBXResourcesBuildPhase section */

/* Begin PBXSourcesBuildPhase section */
		952F54F11D96E87800CB738D /* Sources */ = {
			isa = PBXSourcesBuildPhase;
			buildActionMask = 2147483647;
			files = (
				952F54FF1D96E87800CB738D /* ViewController.m in Sources */,
				952F54FC1D96E87800CB738D /* AppDelegate.m in Sources */,
				952F54F91D96E87800CB738D /* main.m in Sources */,
			);
			runOnlyForDeploymentPostprocessing = 0;
		};
		952F55091D96E87800CB738D /* Sources */ = {
			isa = PBXSourcesBuildPhase;
			buildActionMask = 2147483647;
			files = (
				952F55121D96E87800CB738D /* UdpMobileTests.m in Sources */,
			);
			runOnlyForDeploymentPostprocessing = 0;
		};
		952F55141D96E87800CB738D /* Sources */ = {
			isa = PBXSourcesBuildPhase;
			buildActionMask = 2147483647;
			files = (
				952F551D1D96E87800CB738D /* UdpMobileUITests.m in Sources */,
			);
			runOnlyForDeploymentPostprocessing = 0;
		};
		9538DD9E1D96A608001E87C9 /* Sources */ = {
			isa = PBXSourcesBuildPhase;
			buildActionMask = 2147483647;
			files = (
				9538DDAC1D96A609001E87C9 /* ViewController.m in Sources */,
				9538DDA91D96A609001E87C9 /* main.m in Sources */,
				9538DDA61D96A609001E87C9 /* AppDelegate.m in Sources */,
			);
			runOnlyForDeploymentPostprocessing = 0;
		};
		9538DDB31D96A609001E87C9 /* Sources */ = {
			isa = PBXSourcesBuildPhase;
			buildActionMask = 2147483647;
			files = (
				9538DDBC1D96A609001E87C9 /* UdpDesktopTests.m in Sources */,
			);
			runOnlyForDeploymentPostprocessing = 0;
		};
		9538DDBE1D96A609001E87C9 /* Sources */ = {
			isa = PBXSourcesBuildPhase;
			buildActionMask = 2147483647;
			files = (
				9538DDC71D96A609001E87C9 /* UdpDesktopUITests.m in Sources */,
			);
			runOnlyForDeploymentPostprocessing = 0;
		};
		9538DDD31D96AB2F001E87C9 /* Sources */ = {
			isa = PBXSourcesBuildPhase;
			buildActionMask = 2147483647;
			files = (
				9538DDDA1D96AB2F001E87C9 /* IDTStringReverse.m in Sources */,
			);
			runOnlyForDeploymentPostprocessing = 0;
		};
/* End PBXSourcesBuildPhase section */

/* Begin PBXTargetDependency section */
		952F550F1D96E87800CB738D /* PBXTargetDependency */ = {
			isa = PBXTargetDependency;
			target = 952F54F41D96E87800CB738D /* UdpMobile */;
			targetProxy = 952F550E1D96E87800CB738D /* PBXContainerItemProxy */;
		};
		952F551A1D96E87800CB738D /* PBXTargetDependency */ = {
			isa = PBXTargetDependency;
			target = 952F54F41D96E87800CB738D /* UdpMobile */;
			targetProxy = 952F55191D96E87800CB738D /* PBXContainerItemProxy */;
		};
		9538DDB91D96A609001E87C9 /* PBXTargetDependency */ = {
			isa = PBXTargetDependency;
			target = 9538DDA11D96A608001E87C9 /* UdpDesktop */;
			targetProxy = 9538DDB81D96A609001E87C9 /* PBXContainerItemProxy */;
		};
		9538DDC41D96A609001E87C9 /* PBXTargetDependency */ = {
			isa = PBXTargetDependency;
			target = 9538DDA11D96A608001E87C9 /* UdpDesktop */;
			targetProxy = 9538DDC31D96A609001E87C9 /* PBXContainerItemProxy */;
		};
/* End PBXTargetDependency section */

/* Begin PBXVariantGroup section */
		952F55001D96E87800CB738D /* Main.storyboard */ = {
			isa = PBXVariantGroup;
			children = (
				952F55011D96E87800CB738D /* Base */,
			);
			name = Main.storyboard;
			sourceTree = "<group>";
		};
		952F55051D96E87800CB738D /* LaunchScreen.storyboard */ = {
			isa = PBXVariantGroup;
			children = (
				952F55061D96E87800CB738D /* Base */,
			);
			name = LaunchScreen.storyboard;
			sourceTree = "<group>";
		};
		9538DD711D96A591001E87C9 /* Main.storyboard */ = {
			isa = PBXVariantGroup;
			children = (
				9538DD721D96A591001E87C9 /* Base */,
			);
			name = Main.storyboard;
			sourceTree = "<group>";
		};
		9538DD791D96A591001E87C9 /* LaunchScreen.storyboard */ = {
			isa = PBXVariantGroup;
			children = (
				9538DD7A1D96A591001E87C9 /* Base */,
			);
			name = LaunchScreen.storyboard;
			sourceTree = "<group>";
		};
		9538DDAF1D96A609001E87C9 /* Main.storyboard */ = {
			isa = PBXVariantGroup;
			children = (
				9538DDB01D96A609001E87C9 /* Base */,
			);
			name = Main.storyboard;
			sourceTree = "<group>";
		};
/* End PBXVariantGroup section */

/* Begin XCBuildConfiguration section */
		952F55201D96E87800CB738D /* Debug */ = {
			isa = XCBuildConfiguration;
			buildSettings = {
				ASSETCATALOG_COMPILER_APPICON_NAME = AppIcon;
				INFOPLIST_FILE = UdpMobile/Info.plist;
				LD_RUNPATH_SEARCH_PATHS = "$(inherited) @executable_path/Frameworks";
				PRODUCT_BUNDLE_IDENTIFIER = com.fuchs.idt.UdpMobile;
				PRODUCT_NAME = "$(TARGET_NAME)";
			};
			name = Debug;
		};
		952F55211D96E87800CB738D /* Release */ = {
			isa = XCBuildConfiguration;
			buildSettings = {
				ASSETCATALOG_COMPILER_APPICON_NAME = AppIcon;
				INFOPLIST_FILE = UdpMobile/Info.plist;
				LD_RUNPATH_SEARCH_PATHS = "$(inherited) @executable_path/Frameworks";
				PRODUCT_BUNDLE_IDENTIFIER = com.fuchs.idt.UdpMobile;
				PRODUCT_NAME = "$(TARGET_NAME)";
			};
			name = Release;
		};
		952F55231D96E87800CB738D /* Debug */ = {
			isa = XCBuildConfiguration;
			buildSettings = {
				BUNDLE_LOADER = "$(TEST_HOST)";
				INFOPLIST_FILE = UdpMobileTests/Info.plist;
				LD_RUNPATH_SEARCH_PATHS = "$(inherited) @executable_path/Frameworks @loader_path/Frameworks";
				PRODUCT_BUNDLE_IDENTIFIER = com.fuchs.idt.UdpMobileTests;
				PRODUCT_NAME = "$(TARGET_NAME)";
				TEST_HOST = "$(BUILT_PRODUCTS_DIR)/UdpMobile.app/UdpMobile";
			};
			name = Debug;
		};
		952F55241D96E87800CB738D /* Release */ = {
			isa = XCBuildConfiguration;
			buildSettings = {
				BUNDLE_LOADER = "$(TEST_HOST)";
				INFOPLIST_FILE = UdpMobileTests/Info.plist;
				LD_RUNPATH_SEARCH_PATHS = "$(inherited) @executable_path/Frameworks @loader_path/Frameworks";
				PRODUCT_BUNDLE_IDENTIFIER = com.fuchs.idt.UdpMobileTests;
				PRODUCT_NAME = "$(TARGET_NAME)";
				TEST_HOST = "$(BUILT_PRODUCTS_DIR)/UdpMobile.app/UdpMobile";
			};
			name = Release;
		};
		952F55261D96E87800CB738D /* Debug */ = {
			isa = XCBuildConfiguration;
			buildSettings = {
				INFOPLIST_FILE = UdpMobileUITests/Info.plist;
				LD_RUNPATH_SEARCH_PATHS = "$(inherited) @executable_path/Frameworks @loader_path/Frameworks";
				PRODUCT_BUNDLE_IDENTIFIER = com.fuchs.idt.UdpMobileUITests;
				PRODUCT_NAME = "$(TARGET_NAME)";
				TEST_TARGET_NAME = UdpMobile;
			};
			name = Debug;
		};
		952F55271D96E87800CB738D /* Release */ = {
			isa = XCBuildConfiguration;
			buildSettings = {
				INFOPLIST_FILE = UdpMobileUITests/Info.plist;
				LD_RUNPATH_SEARCH_PATHS = "$(inherited) @executable_path/Frameworks @loader_path/Frameworks";
				PRODUCT_BUNDLE_IDENTIFIER = com.fuchs.idt.UdpMobileUITests;
				PRODUCT_NAME = "$(TARGET_NAME)";
				TEST_TARGET_NAME = UdpMobile;
			};
			name = Release;
		};
		9538DD931D96A592001E87C9 /* Debug */ = {
			isa = XCBuildConfiguration;
			buildSettings = {
				ALWAYS_SEARCH_USER_PATHS = NO;
				CLANG_ANALYZER_NONNULL = YES;
				CLANG_CXX_LANGUAGE_STANDARD = "gnu++0x";
				CLANG_CXX_LIBRARY = "libc++";
				CLANG_ENABLE_MODULES = YES;
				CLANG_ENABLE_OBJC_ARC = YES;
				CLANG_WARN_BOOL_CONVERSION = YES;
				CLANG_WARN_CONSTANT_CONVERSION = YES;
				CLANG_WARN_DIRECT_OBJC_ISA_USAGE = YES_ERROR;
				CLANG_WARN_EMPTY_BODY = YES;
				CLANG_WARN_ENUM_CONVERSION = YES;
				CLANG_WARN_INT_CONVERSION = YES;
				CLANG_WARN_OBJC_ROOT_CLASS = YES_ERROR;
				CLANG_WARN_UNREACHABLE_CODE = YES;
				CLANG_WARN__DUPLICATE_METHOD_MATCH = YES;
				"CODE_SIGN_IDENTITY[sdk=iphoneos*]" = "iPhone Developer";
				COPY_PHASE_STRIP = NO;
				DEBUG_INFORMATION_FORMAT = dwarf;
				ENABLE_STRICT_OBJC_MSGSEND = YES;
				ENABLE_TESTABILITY = YES;
				GCC_C_LANGUAGE_STANDARD = gnu99;
				GCC_DYNAMIC_NO_PIC = NO;
				GCC_NO_COMMON_BLOCKS = YES;
				GCC_OPTIMIZATION_LEVEL = 0;
				GCC_PREPROCESSOR_DEFINITIONS = (
					"DEBUG=1",
					"$(inherited)",
				);
				GCC_WARN_64_TO_32_BIT_CONVERSION = YES;
				GCC_WARN_ABOUT_RETURN_TYPE = YES_ERROR;
				GCC_WARN_UNDECLARED_SELECTOR = YES;
				GCC_WARN_UNINITIALIZED_AUTOS = YES_AGGRESSIVE;
				GCC_WARN_UNUSED_FUNCTION = YES;
				GCC_WARN_UNUSED_VARIABLE = YES;
				IPHONEOS_DEPLOYMENT_TARGET = 9.3;
				MTL_ENABLE_DEBUG_INFO = YES;
				ONLY_ACTIVE_ARCH = YES;
				SDKROOT = iphoneos;
			};
			name = Debug;
		};
		9538DD941D96A592001E87C9 /* Release */ = {
			isa = XCBuildConfiguration;
			buildSettings = {
				ALWAYS_SEARCH_USER_PATHS = NO;
				CLANG_ANALYZER_NONNULL = YES;
				CLANG_CXX_LANGUAGE_STANDARD = "gnu++0x";
				CLANG_CXX_LIBRARY = "libc++";
				CLANG_ENABLE_MODULES = YES;
				CLANG_ENABLE_OBJC_ARC = YES;
				CLANG_WARN_BOOL_CONVERSION = YES;
				CLANG_WARN_CONSTANT_CONVERSION = YES;
				CLANG_WARN_DIRECT_OBJC_ISA_USAGE = YES_ERROR;
				CLANG_WARN_EMPTY_BODY = YES;
				CLANG_WARN_ENUM_CONVERSION = YES;
				CLANG_WARN_INT_CONVERSION = YES;
				CLANG_WARN_OBJC_ROOT_CLASS = YES_ERROR;
				CLANG_WARN_UNREACHABLE_CODE = YES;
				CLANG_WARN__DUPLICATE_METHOD_MATCH = YES;
				"CODE_SIGN_IDENTITY[sdk=iphoneos*]" = "iPhone Developer";
				COPY_PHASE_STRIP = NO;
				DEBUG_INFORMATION_FORMAT = "dwarf-with-dsym";
				ENABLE_NS_ASSERTIONS = NO;
				ENABLE_STRICT_OBJC_MSGSEND = YES;
				GCC_C_LANGUAGE_STANDARD = gnu99;
				GCC_NO_COMMON_BLOCKS = YES;
				GCC_WARN_64_TO_32_BIT_CONVERSION = YES;
				GCC_WARN_ABOUT_RETURN_TYPE = YES_ERROR;
				GCC_WARN_UNDECLARED_SELECTOR = YES;
				GCC_WARN_UNINITIALIZED_AUTOS = YES_AGGRESSIVE;
				GCC_WARN_UNUSED_FUNCTION = YES;
				GCC_WARN_UNUSED_VARIABLE = YES;
				IPHONEOS_DEPLOYMENT_TARGET = 9.3;
				MTL_ENABLE_DEBUG_INFO = NO;
				SDKROOT = iphoneos;
				VALIDATE_PRODUCT = YES;
			};
			name = Release;
		};
		9538DDCA1D96A609001E87C9 /* Debug */ = {
			isa = XCBuildConfiguration;
			buildSettings = {
				ASSETCATALOG_COMPILER_APPICON_NAME = AppIcon;
				CODE_SIGN_IDENTITY = "-";
				COMBINE_HIDPI_IMAGES = YES;
				INFOPLIST_FILE = UdpDesktop/Info.plist;
				LD_RUNPATH_SEARCH_PATHS = "$(inherited) @executable_path/../Frameworks";
				MACOSX_DEPLOYMENT_TARGET = 10.11;
				PRODUCT_BUNDLE_IDENTIFIER = com.fuchs.idt.UDPDesktop;
				PRODUCT_NAME = "$(TARGET_NAME)";
				SDKROOT = macosx;
			};
			name = Debug;
		};
		9538DDCB1D96A609001E87C9 /* Release */ = {
			isa = XCBuildConfiguration;
			buildSettings = {
				ASSETCATALOG_COMPILER_APPICON_NAME = AppIcon;
				CODE_SIGN_IDENTITY = "-";
				COMBINE_HIDPI_IMAGES = YES;
				INFOPLIST_FILE = UdpDesktop/Info.plist;
				LD_RUNPATH_SEARCH_PATHS = "$(inherited) @executable_path/../Frameworks";
				MACOSX_DEPLOYMENT_TARGET = 10.11;
				PRODUCT_BUNDLE_IDENTIFIER = com.fuchs.idt.UDPDesktop;
				PRODUCT_NAME = "$(TARGET_NAME)";
				SDKROOT = macosx;
			};
			name = Release;
		};
		9538DDCD1D96A609001E87C9 /* Debug */ = {
			isa = XCBuildConfiguration;
			buildSettings = {
				BUNDLE_LOADER = "$(TEST_HOST)";
				CODE_SIGN_IDENTITY = "-";
				COMBINE_HIDPI_IMAGES = YES;
				INFOPLIST_FILE = UdpDesktopTests/Info.plist;
				LD_RUNPATH_SEARCH_PATHS = "$(inherited) @executable_path/../Frameworks @loader_path/../Frameworks";
				MACOSX_DEPLOYMENT_TARGET = 10.11;
				PRODUCT_BUNDLE_IDENTIFIER = com.fuchs.idt.UdpDesktopTests;
				PRODUCT_NAME = "$(TARGET_NAME)";
				SDKROOT = macosx;
				TEST_HOST = "$(BUILT_PRODUCTS_DIR)/UdpDesktop.app/Contents/MacOS/UdpDesktop";
			};
			name = Debug;
		};
		9538DDCE1D96A609001E87C9 /* Release */ = {
			isa = XCBuildConfiguration;
			buildSettings = {
				BUNDLE_LOADER = "$(TEST_HOST)";
				CODE_SIGN_IDENTITY = "-";
				COMBINE_HIDPI_IMAGES = YES;
				INFOPLIST_FILE = UdpDesktopTests/Info.plist;
				LD_RUNPATH_SEARCH_PATHS = "$(inherited) @executable_path/../Frameworks @loader_path/../Frameworks";
				MACOSX_DEPLOYMENT_TARGET = 10.11;
				PRODUCT_BUNDLE_IDENTIFIER = com.fuchs.idt.UdpDesktopTests;
				PRODUCT_NAME = "$(TARGET_NAME)";
				SDKROOT = macosx;
				TEST_HOST = "$(BUILT_PRODUCTS_DIR)/UdpDesktop.app/Contents/MacOS/UdpDesktop";
			};
			name = Release;
		};
		9538DDD01D96A609001E87C9 /* Debug */ = {
			isa = XCBuildConfiguration;
			buildSettings = {
				CODE_SIGN_IDENTITY = "-";
				COMBINE_HIDPI_IMAGES = YES;
				INFOPLIST_FILE = UdpDesktopUITests/Info.plist;
				LD_RUNPATH_SEARCH_PATHS = "$(inherited) @executable_path/../Frameworks @loader_path/../Frameworks";
				MACOSX_DEPLOYMENT_TARGET = 10.11;
				PRODUCT_BUNDLE_IDENTIFIER = com.fuchs.idt.UdpDesktopUITests;
				PRODUCT_NAME = "$(TARGET_NAME)";
				SDKROOT = macosx;
				TEST_TARGET_NAME = UdpDesktop;
			};
			name = Debug;
		};
		9538DDD11D96A609001E87C9 /* Release */ = {
			isa = XCBuildConfiguration;
			buildSettings = {
				CODE_SIGN_IDENTITY = "-";
				COMBINE_HIDPI_IMAGES = YES;
				INFOPLIST_FILE = UdpDesktopUITests/Info.plist;
				LD_RUNPATH_SEARCH_PATHS = "$(inherited) @executable_path/../Frameworks @loader_path/../Frameworks";
				MACOSX_DEPLOYMENT_TARGET = 10.11;
				PRODUCT_BUNDLE_IDENTIFIER = com.fuchs.idt.UdpDesktopUITests;
				PRODUCT_NAME = "$(TARGET_NAME)";
				SDKROOT = macosx;
				TEST_TARGET_NAME = UdpDesktop;
			};
			name = Release;
		};
		9538DDDF1D96AB2F001E87C9 /* Debug */ = {
			isa = XCBuildConfiguration;
			buildSettings = {
				BUNDLE_LOADER = "$(TEST_HOST)";
				INFOPLIST_FILE = IDTStringReverse/Info.plist;
				LD_RUNPATH_SEARCH_PATHS = "$(inherited) @executable_path/Frameworks @loader_path/Frameworks";
				PRODUCT_BUNDLE_IDENTIFIER = com.fuchs.idt.IDTStringReverse;
				PRODUCT_NAME = "$(TARGET_NAME)";
				TEST_HOST = "$(BUILT_PRODUCTS_DIR)/UdpMobile.app/UdpMobile";
			};
			name = Debug;
		};
		9538DDE01D96AB2F001E87C9 /* Release */ = {
			isa = XCBuildConfiguration;
			buildSettings = {
				BUNDLE_LOADER = "$(TEST_HOST)";
				INFOPLIST_FILE = IDTStringReverse/Info.plist;
				LD_RUNPATH_SEARCH_PATHS = "$(inherited) @executable_path/Frameworks @loader_path/Frameworks";
				PRODUCT_BUNDLE_IDENTIFIER = com.fuchs.idt.IDTStringReverse;
				PRODUCT_NAME = "$(TARGET_NAME)";
				TEST_HOST = "$(BUILT_PRODUCTS_DIR)/UdpMobile.app/UdpMobile";
			};
			name = Release;
		};
/* End XCBuildConfiguration section */

/* Begin XCConfigurationList section */
		952F551F1D96E87800CB738D /* Build configuration list for PBXNativeTarget "UdpMobile" */ = {
			isa = XCConfigurationList;
			buildConfigurations = (
				952F55201D96E87800CB738D /* Debug */,
				952F55211D96E87800CB738D /* Release */,
			);
			defaultConfigurationIsVisible = 0;
		};
		952F55221D96E87800CB738D /* Build configuration list for PBXNativeTarget "UdpMobileTests" */ = {
			isa = XCConfigurationList;
			buildConfigurations = (
				952F55231D96E87800CB738D /* Debug */,
				952F55241D96E87800CB738D /* Release */,
			);
			defaultConfigurationIsVisible = 0;
		};
		952F55251D96E87800CB738D /* Build configuration list for PBXNativeTarget "UdpMobileUITests" */ = {
			isa = XCConfigurationList;
			buildConfigurations = (
				952F55261D96E87800CB738D /* Debug */,
				952F55271D96E87800CB738D /* Release */,
			);
			defaultConfigurationIsVisible = 0;
		};
		9538DD601D96A591001E87C9 /* Build configuration list for PBXProject "IDTProject" */ = {
			isa = XCConfigurationList;
			buildConfigurations = (
				9538DD931D96A592001E87C9 /* Debug */,
				9538DD941D96A592001E87C9 /* Release */,
			);
			defaultConfigurationIsVisible = 0;
			defaultConfigurationName = Release;
		};
		9538DDC91D96A609001E87C9 /* Build configuration list for PBXNativeTarget "UdpDesktop" */ = {
			isa = XCConfigurationList;
			buildConfigurations = (
				9538DDCA1D96A609001E87C9 /* Debug */,
				9538DDCB1D96A609001E87C9 /* Release */,
			);
			defaultConfigurationIsVisible = 0;
			defaultConfigurationName = Release;
		};
		9538DDCC1D96A609001E87C9 /* Build configuration list for PBXNativeTarget "UdpDesktopTests" */ = {
			isa = XCConfigurationList;
			buildConfigurations = (
				9538DDCD1D96A609001E87C9 /* Debug */,
				9538DDCE1D96A609001E87C9 /* Release */,
			);
			defaultConfigurationIsVisible = 0;
			defaultConfigurationName = Release;
		};
		9538DDCF1D96A609001E87C9 /* Build configuration list for PBXNativeTarget "UdpDesktopUITests" */ = {
			isa = XCConfigurationList;
			buildConfigurations = (
				9538DDD01D96A609001E87C9 /* Debug */,
				9538DDD11D96A609001E87C9 /* Release */,
			);
			defaultConfigurationIsVisible = 0;
			defaultConfigurationName = Release;
		};
		9538DDDE1D96AB2F001E87C9 /* Build configuration list for PBXNativeTarget "IDTStringReverse" */ = {
			isa = XCConfigurationList;
			buildConfigurations = (
				9538DDDF1D96AB2F001E87C9 /* Debug */,
				9538DDE01D96AB2F001E87C9 /* Release */,
			);
			defaultConfigurationIsVisible = 0;
			defaultConfigurationName = Release;
		};
/* End XCConfigurationList section */

/* Begin XCVersionGroup section */
		9538DD741D96A591001E87C9 /* UdpProject.xcdatamodeld */ = {
			isa = XCVersionGroup;
			children = (
				9538DD751D96A591001E87C9 /* UdpProject.xcdatamodel */,
			);
			currentVersion = 9538DD751D96A591001E87C9 /* UdpProject.xcdatamodel */;
			path = UdpProject.xcdatamodeld;
			sourceTree = "<group>";
			versionGroupType = wrapper.xcdatamodel;
		};
/* End XCVersionGroup section */
	};
	rootObject = 9538DD5D1D96A591001E87C9 /* Project object */;
}
